
Microsoft Visual Studio Solution File, Format Version 12.00
# Visual Studio 15
VisualStudioVersion = 15.0.28307.1209
MinimumVisualStudioVersion = 10.0.40219.1
Project("{FAE04EC0-301F-11D3-BF4B-00C04F79EFBC}") = "SA2QBookSvc.WebAPI", "SA2QBookSvc.WebAPI\SA2QBookSvc.WebAPI.csproj", "{CA244F1F-AC8B-4B3C-8C36-C7A1CCE96D96}"
EndProject
Project("{FAE04EC0-301F-11D3-BF4B-00C04F79EFBC}") = "SA2QBookSvc.WebAPI.Tests", "SA2QBookSvc.WebAPI.Tests\SA2QBookSvc.WebAPI.Tests.csproj", "{2E898C7D-0380-41D1-80F2-3D03A578C9A7}"
EndProject
Global
	GlobalSection(SolutionConfigurationPlatforms) = preSolution
		Debug|Any CPU = Debug|Any CPU
		Release|Any CPU = Release|Any CPU
	EndGlobalSection
	GlobalSection(ProjectConfigurationPlatforms) = postSolution
		{CA244F1F-AC8B-4B3C-8C36-C7A1CCE96D96}.Debug|Any CPU.ActiveCfg = Debug|Any CPU
		{CA244F1F-AC8B-4B3C-8C36-C7A1CCE96D96}.Debug|Any CPU.Build.0 = Debug|Any CPU
		{CA244F1F-AC8B-4B3C-8C36-C7A1CCE96D96}.Release|Any CPU.ActiveCfg = Release|Any CPU
		{CA244F1F-AC8B-4B3C-8C36-C7A1CCE96D96}.Release|Any CPU.Build.0 = Release|Any CPU
		{2E898C7D-0380-41D1-80F2-3D03A578C9A7}.Debug|Any CPU.ActiveCfg = Debug|Any CPU
		{2E898C7D-0380-41D1-80F2-3D03A578C9A7}.Debug|Any CPU.Build.0 = Debug|Any CPU
		{2E898C7D-0380-41D1-80F2-3D03A578C9A7}.Release|Any CPU.ActiveCfg = Release|Any CPU
		{2E898C7D-0380-41D1-80F2-3D03A578C9A7}.Release|Any CPU.Build.0 = Release|Any CPU
	EndGlobalSection
	GlobalSection(SolutionProperties) = preSolution
		HideSolutionNode = FALSE
	EndGlobalSection
	GlobalSection(ExtensibilityGlobals) = postSolution
		SolutionGuid = {9F7C5B55-77E0-47C6-ABF6-231641B475B2}
	EndGlobalSection
EndGlobal
